hooks:
- branch_type: b
  name: AutoStartSnakeBlock
  src_addr_jpn: 2158656720
  src_addr_jpn2: 2158656752
  src_addr_ntsc: 2158658544
  src_addr_ntsc2: 2158658576
  src_addr_pal: 2158658512
  src_addr_pal2: 2158658544
  target_func: AutoStartSnakeBlock
  type: branch_insn
- branch_type: b
  name: SnakeBlockLoop1
  src_addr_jpn: 2158654732
  src_addr_jpn2: 2158654764
  src_addr_ntsc: 2158656556
  src_addr_ntsc2: 2158656588
  src_addr_pal: 2158656524
  src_addr_pal2: 2158656556
  target_func: SnakeBlockLoop1
  type: branch_insn
- branch_type: b
  name: SnakeBlockLoop2
  src_addr_jpn: 2158656052
  src_addr_jpn2: 2158656084
  src_addr_ntsc: 2158657876
  src_addr_ntsc2: 2158657908
  src_addr_pal: 2158657844
  src_addr_pal2: 2158657876
  target_func: SnakeBlockLoop2
  type: branch_insn
- branch_type: b
  name: SnakeBlockLoop3
  src_addr_jpn: 2158652752
  src_addr_jpn2: 2158652784
  src_addr_ntsc: 2158654576
  src_addr_ntsc2: 2158654608
  src_addr_pal: 2158654544
  src_addr_pal2: 2158654576
  target_func: SnakeBlockLoop3
  type: branch_insn
- addr_jpn: 2158649576
  addr_jpn2: 2158649608
  addr_ntsc: 2158651400
  addr_ntsc2: 2158651432
  addr_pal: 2158651368
  addr_pal2: 2158651400
  data: 38602B48
  name: ExtendSnakeBlockClass
  type: patch
- branch_type: b
  name: StoreIsLoopToR9_1
  src_addr_jpn: 2158657180
  src_addr_jpn2: 2158657212
  src_addr_ntsc: 2158659004
  src_addr_ntsc2: 2158659036
  src_addr_pal: 2158658972
  src_addr_pal2: 2158659004
  target_func: StoreIsLoopToR9_1
  type: branch_insn
- branch_type: b
  name: StoreIsLoopToR9_2
  src_addr_jpn: 2158657196
  src_addr_jpn2: 2158657228
  src_addr_ntsc: 2158659020
  src_addr_ntsc2: 2158659052
  src_addr_pal: 2158658988
  src_addr_pal2: 2158659020
  target_func: StoreIsLoopToR9_2
  type: branch_insn
- addr_jpn: 2158657416
  addr_jpn2: 2158657448
  addr_ntsc: 2158659240
  addr_ntsc2: 2158659272
  addr_pal: 2158659208
  addr_pal2: 2158659240
  data: 2C170002
  name: FixNonSlowCrash
  type: patch
- branch_type: b
  name: OtherDirectionsSpawn
  src_addr_jpn: 2158653848
  src_addr_jpn2: 2158653880
  src_addr_ntsc: 2158655672
  src_addr_ntsc2: 2158655704
  src_addr_pal: 2158655640
  src_addr_pal2: 2158655672
  target_func: otherDirectionsSpawn
  type: branch_insn
- branch_type: b
  name: AdjustSpawnPosition
  src_addr_jpn: 2158651444
  src_addr_jpn2: 2158651476
  src_addr_ntsc: 2158653268
  src_addr_ntsc2: 2158653300
  src_addr_pal: 2158653236
  src_addr_pal2: 2158653268
  target_func: adjustSpawnPosition
  type: branch_insn
- branch_type: b
  name: DoNotMoveIfEvent
  src_addr_jpn: 2158652352
  src_addr_jpn2: 2158652384
  src_addr_ntsc: 2158654176
  src_addr_ntsc2: 2158654208
  src_addr_pal: 2158654144
  src_addr_pal2: 2158654176
  target_func: doNotMoveIfEvent
  type: branch_insn
- branch_type: b
  name: MakeTIBTwiceAsBig
  src_addr_jpn: 2158654740
  src_addr_jpn2: 2158654772
  src_addr_ntsc: 2158656564
  src_addr_ntsc2: 2158656596
  src_addr_pal: 2158656532
  src_addr_pal2: 2158656564
  target_func: MakeTIBTwiceAsBig
  type: branch_insn
- branch_type: b
  name: CreateBackwardsData
  src_addr_jpn: 2158656080
  src_addr_jpn2: 2158656112
  src_addr_ntsc: 2158657904
  src_addr_ntsc2: 2158657936
  src_addr_pal: 2158657872
  src_addr_pal2: 2158657904
  target_func: CreateBackwardsData
  type: branch_insn
source_files:
- ../src/snakeblock.S
